
Microsoft Visual Studio Solution File, Format Version 12.00
# Visual Studio 2012
Project("{F2A71F9B-5D33-465A-A702-920D77279786}") = "BufferedData", "BufferedData\BufferedData.fsproj", "{137107FB-34B9-4B4D-A538-2F1754493767}"
EndProject
Project("{F2A71F9B-5D33-465A-A702-920D77279786}") = "GestIT", "GestIT\GestIT.fsproj", "{5C55E4D1-9AF9-4DB4-A8C9-1201972B18DA}"
EndProject
Project("{F2A71F9B-5D33-465A-A702-920D77279786}") = "TestMouse", "TestMouse\TestMouse.fsproj", "{2AFBC25E-152F-4222-8C28-196EBCD769B2}"
EndProject
Project("{F2A71F9B-5D33-465A-A702-920D77279786}") = "EventRecorder", "EventRecorder\EventRecorder.fsproj", "{8BB42FDE-94E9-43C7-8C78-958FD6091191}"
EndProject
Global
	GlobalSection(SolutionConfigurationPlatforms) = preSolution
		Debug|Any CPU = Debug|Any CPU
		Record|Any CPU = Record|Any CPU
		Release|Any CPU = Release|Any CPU
	EndGlobalSection
	GlobalSection(ProjectConfigurationPlatforms) = postSolution
		{137107FB-34B9-4B4D-A538-2F1754493767}.Debug|Any CPU.ActiveCfg = Debug|Any CPU
		{137107FB-34B9-4B4D-A538-2F1754493767}.Debug|Any CPU.Build.0 = Debug|Any CPU
		{137107FB-34B9-4B4D-A538-2F1754493767}.Record|Any CPU.ActiveCfg = Release|Any CPU
		{137107FB-34B9-4B4D-A538-2F1754493767}.Record|Any CPU.Build.0 = Release|Any CPU
		{137107FB-34B9-4B4D-A538-2F1754493767}.Release|Any CPU.ActiveCfg = Release|Any CPU
		{137107FB-34B9-4B4D-A538-2F1754493767}.Release|Any CPU.Build.0 = Release|Any CPU
		{5C55E4D1-9AF9-4DB4-A8C9-1201972B18DA}.Debug|Any CPU.ActiveCfg = Debug|Any CPU
		{5C55E4D1-9AF9-4DB4-A8C9-1201972B18DA}.Debug|Any CPU.Build.0 = Debug|Any CPU
		{5C55E4D1-9AF9-4DB4-A8C9-1201972B18DA}.Record|Any CPU.ActiveCfg = Release|Any CPU
		{5C55E4D1-9AF9-4DB4-A8C9-1201972B18DA}.Record|Any CPU.Build.0 = Release|Any CPU
		{5C55E4D1-9AF9-4DB4-A8C9-1201972B18DA}.Release|Any CPU.ActiveCfg = Release|Any CPU
		{5C55E4D1-9AF9-4DB4-A8C9-1201972B18DA}.Release|Any CPU.Build.0 = Release|Any CPU
		{2AFBC25E-152F-4222-8C28-196EBCD769B2}.Debug|Any CPU.ActiveCfg = Debug|Any CPU
		{2AFBC25E-152F-4222-8C28-196EBCD769B2}.Debug|Any CPU.Build.0 = Debug|Any CPU
		{2AFBC25E-152F-4222-8C28-196EBCD769B2}.Record|Any CPU.ActiveCfg = Record|Any CPU
		{2AFBC25E-152F-4222-8C28-196EBCD769B2}.Record|Any CPU.Build.0 = Record|Any CPU
		{2AFBC25E-152F-4222-8C28-196EBCD769B2}.Release|Any CPU.ActiveCfg = Release|Any CPU
		{2AFBC25E-152F-4222-8C28-196EBCD769B2}.Release|Any CPU.Build.0 = Release|Any CPU
		{8BB42FDE-94E9-43C7-8C78-958FD6091191}.Debug|Any CPU.ActiveCfg = Debug|Any CPU
		{8BB42FDE-94E9-43C7-8C78-958FD6091191}.Debug|Any CPU.Build.0 = Debug|Any CPU
		{8BB42FDE-94E9-43C7-8C78-958FD6091191}.Record|Any CPU.ActiveCfg = Release|Any CPU
		{8BB42FDE-94E9-43C7-8C78-958FD6091191}.Record|Any CPU.Build.0 = Release|Any CPU
		{8BB42FDE-94E9-43C7-8C78-958FD6091191}.Release|Any CPU.ActiveCfg = Release|Any CPU
		{8BB42FDE-94E9-43C7-8C78-958FD6091191}.Release|Any CPU.Build.0 = Release|Any CPU
	EndGlobalSection
	GlobalSection(SolutionProperties) = preSolution
		HideSolutionNode = FALSE
	EndGlobalSection
EndGlobal
