
Microsoft Visual Studio Solution File, Format Version 12.00
# Visual Studio 2012
Project("{F2A71F9B-5D33-465A-A702-920D77279786}") = "BufferedData", "BufferedData\BufferedData.fsproj", "{137107FB-34B9-4B4D-A538-2F1754493767}"
EndProject
Global
	GlobalSection(SolutionConfigurationPlatforms) = preSolution
		Debug|Any CPU = Debug|Any CPU
		Reading|Any CPU = Reading|Any CPU
		Record|Any CPU = Record|Any CPU
		Release|Any CPU = Release|Any CPU
	EndGlobalSection
	GlobalSection(ProjectConfigurationPlatforms) = postSolution
		{137107FB-34B9-4B4D-A538-2F1754493767}.Debug|Any CPU.ActiveCfg = Debug|Any CPU
		{137107FB-34B9-4B4D-A538-2F1754493767}.Debug|Any CPU.Build.0 = Debug|Any CPU
		{137107FB-34B9-4B4D-A538-2F1754493767}.Reading|Any CPU.ActiveCfg = Reading|Any CPU
		{137107FB-34B9-4B4D-A538-2F1754493767}.Reading|Any CPU.Build.0 = Reading|Any CPU
		{137107FB-34B9-4B4D-A538-2F1754493767}.Record|Any CPU.ActiveCfg = Release|Any CPU
		{137107FB-34B9-4B4D-A538-2F1754493767}.Record|Any CPU.Build.0 = Release|Any CPU
		{137107FB-34B9-4B4D-A538-2F1754493767}.Release|Any CPU.ActiveCfg = Release|Any CPU
		{137107FB-34B9-4B4D-A538-2F1754493767}.Release|Any CPU.Build.0 = Release|Any CPU
	EndGlobalSection
	GlobalSection(SolutionProperties) = preSolution
		HideSolutionNode = FALSE
	EndGlobalSection
EndGlobal
