
Microsoft Visual Studio Solution File, Format Version 12.00
# Visual Studio 2012
Project("{F2A71F9B-5D33-465A-A702-920D77279786}") = "GestIT_FSharp", "GestIT_FSharp\GestIT_FSharp.fsproj", "{75B1878D-0959-4351-9BE5-775A7B1A1021}"
EndProject
Project("{F2A71F9B-5D33-465A-A702-920D77279786}") = "LeapDriver", "LeapDriver\LeapDriver.fsproj", "{480058EB-44E6-4BA1-A7FA-FACDFD1D2400}"
EndProject
Project("{F2A71F9B-5D33-465A-A702-920D77279786}") = "Test", "Test\Test.fsproj", "{C31CD09E-832B-4827-B20D-4DAD4C363E4A}"
EndProject
Project("{F2A71F9B-5D33-465A-A702-920D77279786}") = "MouseDriver", "MouseDriver\MouseDriver.fsproj", "{C522EF8D-80D3-45EF-91ED-7D645015B422}"
EndProject
Project("{F2A71F9B-5D33-465A-A702-920D77279786}") = "TestMouseDriver", "TestMouseDriver\TestMouseDriver.fsproj", "{75BDD737-9ACF-4B39-B0E9-0B3AA634716B}"
EndProject
Project("{F2A71F9B-5D33-465A-A702-920D77279786}") = "TestData", "ConsoleApplication1\TestData.fsproj", "{0F8D29DC-E477-454C-A9D7-0CB115BD33EE}"
EndProject
Global
	GlobalSection(SolutionConfigurationPlatforms) = preSolution
		Debug|Any CPU = Debug|Any CPU
		Release|Any CPU = Release|Any CPU
	EndGlobalSection
	GlobalSection(ProjectConfigurationPlatforms) = postSolution
		{75B1878D-0959-4351-9BE5-775A7B1A1021}.Debug|Any CPU.ActiveCfg = Debug|Any CPU
		{75B1878D-0959-4351-9BE5-775A7B1A1021}.Debug|Any CPU.Build.0 = Debug|Any CPU
		{75B1878D-0959-4351-9BE5-775A7B1A1021}.Release|Any CPU.ActiveCfg = Release|Any CPU
		{75B1878D-0959-4351-9BE5-775A7B1A1021}.Release|Any CPU.Build.0 = Release|Any CPU
		{480058EB-44E6-4BA1-A7FA-FACDFD1D2400}.Debug|Any CPU.ActiveCfg = Debug|Any CPU
		{480058EB-44E6-4BA1-A7FA-FACDFD1D2400}.Release|Any CPU.ActiveCfg = Release|Any CPU
		{480058EB-44E6-4BA1-A7FA-FACDFD1D2400}.Release|Any CPU.Build.0 = Release|Any CPU
		{C31CD09E-832B-4827-B20D-4DAD4C363E4A}.Debug|Any CPU.ActiveCfg = Debug|Any CPU
		{C31CD09E-832B-4827-B20D-4DAD4C363E4A}.Debug|Any CPU.Build.0 = Debug|Any CPU
		{C31CD09E-832B-4827-B20D-4DAD4C363E4A}.Release|Any CPU.ActiveCfg = Release|Any CPU
		{C31CD09E-832B-4827-B20D-4DAD4C363E4A}.Release|Any CPU.Build.0 = Release|Any CPU
		{C522EF8D-80D3-45EF-91ED-7D645015B422}.Debug|Any CPU.ActiveCfg = Debug|Any CPU
		{C522EF8D-80D3-45EF-91ED-7D645015B422}.Debug|Any CPU.Build.0 = Debug|Any CPU
		{C522EF8D-80D3-45EF-91ED-7D645015B422}.Release|Any CPU.ActiveCfg = Release|Any CPU
		{C522EF8D-80D3-45EF-91ED-7D645015B422}.Release|Any CPU.Build.0 = Release|Any CPU
		{75BDD737-9ACF-4B39-B0E9-0B3AA634716B}.Debug|Any CPU.ActiveCfg = Debug|Any CPU
		{75BDD737-9ACF-4B39-B0E9-0B3AA634716B}.Debug|Any CPU.Build.0 = Debug|Any CPU
		{75BDD737-9ACF-4B39-B0E9-0B3AA634716B}.Release|Any CPU.ActiveCfg = Release|Any CPU
		{75BDD737-9ACF-4B39-B0E9-0B3AA634716B}.Release|Any CPU.Build.0 = Release|Any CPU
		{0F8D29DC-E477-454C-A9D7-0CB115BD33EE}.Debug|Any CPU.ActiveCfg = Debug|Any CPU
		{0F8D29DC-E477-454C-A9D7-0CB115BD33EE}.Debug|Any CPU.Build.0 = Debug|Any CPU
		{0F8D29DC-E477-454C-A9D7-0CB115BD33EE}.Release|Any CPU.ActiveCfg = Release|Any CPU
		{0F8D29DC-E477-454C-A9D7-0CB115BD33EE}.Release|Any CPU.Build.0 = Release|Any CPU
	EndGlobalSection
	GlobalSection(SolutionProperties) = preSolution
		HideSolutionNode = FALSE
	EndGlobalSection
EndGlobal
